hash: cb4cc5df2d5f540e768cb8d1033c61d5f082edce93a756840e1bc23b08ca3770
updated: 2017-06-08T15:34:29.722957717-07:00
imports:
- name: github.com/coreos/go-systemd
  version: 48702e0da86bd25e76cfef347e2adeb434a0d0a6
  subpackages:
  - dbus
  - login1
- name: github.com/godbus/dbus
  version: 012f3c27dcbdbe5d1285634e604e4ef869d83f7d
- name: github.com/gorilla/context
  version: 08b5f424b9271eedf6f9f0ce86cb9396ed337a42
- name: github.com/gorilla/mux
  version: bcd8bc72b08df0f70df986b97f95590779502d31
testImports: []
